// !$*UTF8*$!
{
	archiveVersion = 1;
	classes = {
	};
	objectVersion = 46;
	objects = {

/* Begin PBXBuildFile section */
		2822F5F51DC347DE00CF0B92 /* PicCollectionView.swift in Sources */ = {isa = PBXBuildFile; fileRef = 2822F5F41DC347DE00CF0B92 /* PicCollectionView.swift */; };
		282662871DB9FE1E005B657D /* ArchyPresentationController.swift in Sources */ = {isa = PBXBuildFile; fileRef = 282662861DB9FE1E005B657D /* ArchyPresentationController.swift */; };
		282662891DBA0453005B657D /* PopoverViewController.swift in Sources */ = {isa = PBXBuildFile; fileRef = 282662881DBA0453005B657D /* PopoverViewController.swift */; };
		2826628B1DBA045F005B657D /* PopoverViewController.xib in Resources */ = {isa = PBXBuildFile; fileRef = 2826628A1DBA045F005B657D /* PopoverViewController.xib */; };
		2849F2FE1DB8A333009A8149 /* UIButton-Extension.swift in Sources */ = {isa = PBXBuildFile; fileRef = 2849F2FD1DB8A333009A8149 /* UIButton-Extension.swift */; };
		2849F3001DB8A355009A8149 /* TitleButton.swift in Sources */ = {isa = PBXBuildFile; fileRef = 2849F2FF1DB8A355009A8149 /* TitleButton.swift */; };
		2849F3041DB8B148009A8149 /* UIBarButtonItem-Extension.swift in Sources */ = {isa = PBXBuildFile; fileRef = 2849F3031DB8B148009A8149 /* UIBarButtonItem-Extension.swift */; };
		28500DB31DBF2B5C00FC7C1D /* OAuthViewController.swift in Sources */ = {isa = PBXBuildFile; fileRef = 28500DB21DBF2B5C00FC7C1D /* OAuthViewController.swift */; };
		28500DB51DBF2B6800FC7C1D /* OAuthViewController.xib in Resources */ = {isa = PBXBuildFile; fileRef = 28500DB41DBF2B6800FC7C1D /* OAuthViewController.xib */; };
		28500DB71DBF306A00FC7C1D /* Common.swift in Sources */ = {isa = PBXBuildFile; fileRef = 28500DB61DBF306A00FC7C1D /* Common.swift */; };
		28500DB91DBF383400FC7C1D /* NetworkTools.swift in Sources */ = {isa = PBXBuildFile; fileRef = 28500DB81DBF383400FC7C1D /* NetworkTools.swift */; };
		28500DBB1DBF438400FC7C1D /* UserAccount.swift in Sources */ = {isa = PBXBuildFile; fileRef = 28500DBA1DBF438400FC7C1D /* UserAccount.swift */; };
		285591A21DBA1DC8006F376D /* PopoverAnimator.swift in Sources */ = {isa = PBXBuildFile; fileRef = 285591A11DBA1DC8006F376D /* PopoverAnimator.swift */; };
		28F3E3661DC06003009B1423 /* UserAccountViewModel.swift in Sources */ = {isa = PBXBuildFile; fileRef = 28F3E3651DC06003009B1423 /* UserAccountViewModel.swift */; };
		28F3E36A1DC07B69009B1423 /* WelcomeViewController.swift in Sources */ = {isa = PBXBuildFile; fileRef = 28F3E3681DC07B69009B1423 /* WelcomeViewController.swift */; };
		28F3E36B1DC07B69009B1423 /* WelcomeViewController.xib in Resources */ = {isa = PBXBuildFile; fileRef = 28F3E3691DC07B69009B1423 /* WelcomeViewController.xib */; };
		28F3E36E1DC08E71009B1423 /* Status.swift in Sources */ = {isa = PBXBuildFile; fileRef = 28F3E36D1DC08E71009B1423 /* Status.swift */; };
		28F3E3701DC094BF009B1423 /* NSDate-Extension.swift in Sources */ = {isa = PBXBuildFile; fileRef = 28F3E36F1DC094BF009B1423 /* NSDate-Extension.swift */; };
		28F3E3721DC09A48009B1423 /* User.swift in Sources */ = {isa = PBXBuildFile; fileRef = 28F3E3711DC09A48009B1423 /* User.swift */; };
		28F3E3741DC0A026009B1423 /* StatusViewModel.swift in Sources */ = {isa = PBXBuildFile; fileRef = 28F3E3731DC0A026009B1423 /* StatusViewModel.swift */; };
		28F3E3761DC0AA3A009B1423 /* HomeViewCell.swift in Sources */ = {isa = PBXBuildFile; fileRef = 28F3E3751DC0AA3A009B1423 /* HomeViewCell.swift */; };
		57FCBA60A2B19360514DEE3E /* Pods_SinaWeibo_swift.framework in Frameworks */ = {isa = PBXBuildFile; fileRef = 3A3C894A2308770BDB714815 /* Pods_SinaWeibo_swift.framework */; };
		DE1419351DB66E74003F3C40 /* Home.storyboard in Resources */ = {isa = PBXBuildFile; fileRef = DE1419331DB66E74003F3C40 /* Home.storyboard */; };
		DE1419371DB66EB0003F3C40 /* Message.storyboard in Resources */ = {isa = PBXBuildFile; fileRef = DE1419361DB66EB0003F3C40 /* Message.storyboard */; };
		DE14193A1DB66EC4003F3C40 /* Discover.storyboard in Resources */ = {isa = PBXBuildFile; fileRef = DE1419381DB66EC4003F3C40 /* Discover.storyboard */; };
		DE14193C1DB66EEA003F3C40 /* Profile.storyboard in Resources */ = {isa = PBXBuildFile; fileRef = DE14193B1DB66EEA003F3C40 /* Profile.storyboard */; };
		DE1419411DB67A87003F3C40 /* Null.storyboard in Resources */ = {isa = PBXBuildFile; fileRef = DE1419401DB67A87003F3C40 /* Null.storyboard */; };
		DE5B044C1DB4CDFE0034520D /* AppDelegate.swift in Sources */ = {isa = PBXBuildFile; fileRef = DE5B044B1DB4CDFE0034520D /* AppDelegate.swift */; };
		DE5B04511DB4CDFE0034520D /* Main.storyboard in Resources */ = {isa = PBXBuildFile; fileRef = DE5B044F1DB4CDFE0034520D /* Main.storyboard */; };
		DE5B04531DB4CDFE0034520D /* Assets.xcassets in Resources */ = {isa = PBXBuildFile; fileRef = DE5B04521DB4CDFE0034520D /* Assets.xcassets */; };
		DE5B04561DB4CDFE0034520D /* LaunchScreen.storyboard in Resources */ = {isa = PBXBuildFile; fileRef = DE5B04541DB4CDFE0034520D /* LaunchScreen.storyboard */; };
		DE5B04641DB4CF8E0034520D /* MainViewController.swift in Sources */ = {isa = PBXBuildFile; fileRef = DE5B04631DB4CF8E0034520D /* MainViewController.swift */; };
		DE5B04661DB4CF970034520D /* HomeViewController.swift in Sources */ = {isa = PBXBuildFile; fileRef = DE5B04651DB4CF970034520D /* HomeViewController.swift */; };
		DE5B04681DB4CFA10034520D /* DisCoverViewController.swift in Sources */ = {isa = PBXBuildFile; fileRef = DE5B04671DB4CFA10034520D /* DisCoverViewController.swift */; };
		DE5B046A1DB4CFA80034520D /* MessageViewController.swift in Sources */ = {isa = PBXBuildFile; fileRef = DE5B04691DB4CFA80034520D /* MessageViewController.swift */; };
		DE5B046C1DB4CFB20034520D /* ProfileViewController.swift in Sources */ = {isa = PBXBuildFile; fileRef = DE5B046B1DB4CFB20034520D /* ProfileViewController.swift */; };
		DE5B046F1DB4DF940034520D /* MainVCSettings.json in Resources */ = {isa = PBXBuildFile; fileRef = DE5B046E1DB4DF940034520D /* MainVCSettings.json */; };
		DE74D7E21DB7C619009E4E69 /* BaseViewController.swift in Sources */ = {isa = PBXBuildFile; fileRef = DE74D7E11DB7C619009E4E69 /* BaseViewController.swift */; };
		DE74D7E41DB7C70F009E4E69 /* VisitorView.swift in Sources */ = {isa = PBXBuildFile; fileRef = DE74D7E31DB7C70F009E4E69 /* VisitorView.swift */; };
		DE74D7E61DB7C71D009E4E69 /* VisitorView.xib in Resources */ = {isa = PBXBuildFile; fileRef = DE74D7E51DB7C71D009E4E69 /* VisitorView.xib */; };
/* End PBXBuildFile section */

/* Begin PBXFileReference section */
		2822F5F41DC347DE00CF0B92 /* PicCollectionView.swift */ = {isa = PBXFileReference; fileEncoding = 4; lastKnownFileType = sourcecode.swift; path = PicCollectionView.swift; sourceTree = "<group>"; };
		282662861DB9FE1E005B657D /* ArchyPresentationController.swift */ = {isa = PBXFileReference; fileEncoding = 4; lastKnownFileType = sourcecode.swift; path = ArchyPresentationController.swift; sourceTree = "<group>"; };
		282662881DBA0453005B657D /* PopoverViewController.swift */ = {isa = PBXFileReference; fileEncoding = 4; lastKnownFileType = sourcecode.swift; path = PopoverViewController.swift; sourceTree = "<group>"; };
		2826628A1DBA045F005B657D /* PopoverViewController.xib */ = {isa = PBXFileReference; fileEncoding = 4; lastKnownFileType = file.xib; path = PopoverViewController.xib; sourceTree = "<group>"; };
		2849F2FD1DB8A333009A8149 /* UIButton-Extension.swift */ = {isa = PBXFileReference; fileEncoding = 4; lastKnownFileType = sourcecode.swift; path = "UIButton-Extension.swift"; sourceTree = "<group>"; };
		2849F2FF1DB8A355009A8149 /* TitleButton.swift */ = {isa = PBXFileReference; fileEncoding = 4; lastKnownFileType = sourcecode.swift; path = TitleButton.swift; sourceTree = "<group>"; };
		2849F3031DB8B148009A8149 /* UIBarButtonItem-Extension.swift */ = {isa = PBXFileReference; fileEncoding = 4; lastKnownFileType = sourcecode.swift; path = "UIBarButtonItem-Extension.swift"; sourceTree = "<group>"; };
		28500DB21DBF2B5C00FC7C1D /* OAuthViewController.swift */ = {isa = PBXFileReference; fileEncoding = 4; lastKnownFileType = sourcecode.swift; path = OAuthViewController.swift; sourceTree = "<group>"; };
		28500DB41DBF2B6800FC7C1D /* OAuthViewController.xib */ = {isa = PBXFileReference; fileEncoding = 4; lastKnownFileType = file.xib; path = OAuthViewController.xib; sourceTree = "<group>"; };
		28500DB61DBF306A00FC7C1D /* Common.swift */ = {isa = PBXFileReference; fileEncoding = 4; lastKnownFileType = sourcecode.swift; path = Common.swift; sourceTree = "<group>"; };
		28500DB81DBF383400FC7C1D /* NetworkTools.swift */ = {isa = PBXFileReference; fileEncoding = 4; lastKnownFileType = sourcecode.swift; path = NetworkTools.swift; sourceTree = "<group>"; };
		28500DBA1DBF438400FC7C1D /* UserAccount.swift */ = {isa = PBXFileReference; fileEncoding = 4; lastKnownFileType = sourcecode.swift; path = UserAccount.swift; sourceTree = "<group>"; };
		285591A11DBA1DC8006F376D /* PopoverAnimator.swift */ = {isa = PBXFileReference; fileEncoding = 4; lastKnownFileType = sourcecode.swift; path = PopoverAnimator.swift; sourceTree = "<group>"; };
		28F3E3651DC06003009B1423 /* UserAccountViewModel.swift */ = {isa = PBXFileReference; fileEncoding = 4; lastKnownFileType = sourcecode.swift; path = UserAccountViewModel.swift; sourceTree = "<group>"; };
		28F3E3681DC07B69009B1423 /* WelcomeViewController.swift */ = {isa = PBXFileReference; fileEncoding = 4; lastKnownFileType = sourcecode.swift; path = WelcomeViewController.swift; sourceTree = "<group>"; };
		28F3E3691DC07B69009B1423 /* WelcomeViewController.xib */ = {isa = PBXFileReference; fileEncoding = 4; lastKnownFileType = file.xib; path = WelcomeViewController.xib; sourceTree = "<group>"; };
		28F3E36D1DC08E71009B1423 /* Status.swift */ = {isa = PBXFileReference; fileEncoding = 4; lastKnownFileType = sourcecode.swift; path = Status.swift; sourceTree = "<group>"; };
		28F3E36F1DC094BF009B1423 /* NSDate-Extension.swift */ = {isa = PBXFileReference; fileEncoding = 4; lastKnownFileType = sourcecode.swift; path = "NSDate-Extension.swift"; sourceTree = "<group>"; };
		28F3E3711DC09A48009B1423 /* User.swift */ = {isa = PBXFileReference; fileEncoding = 4; lastKnownFileType = sourcecode.swift; path = User.swift; sourceTree = "<group>"; };
		28F3E3731DC0A026009B1423 /* StatusViewModel.swift */ = {isa = PBXFileReference; fileEncoding = 4; lastKnownFileType = sourcecode.swift; path = StatusViewModel.swift; sourceTree = "<group>"; };
		28F3E3751DC0AA3A009B1423 /* HomeViewCell.swift */ = {isa = PBXFileReference; fileEncoding = 4; lastKnownFileType = sourcecode.swift; path = HomeViewCell.swift; sourceTree = "<group>"; };
		3A3C894A2308770BDB714815 /* Pods_SinaWeibo_swift.framework */ = {isa = PBXFileReference; explicitFileType = wrapper.framework; includeInIndex = 0; path = Pods_SinaWeibo_swift.framework; sourceTree = BUILT_PRODUCTS_DIR; };
		B56EF414E9E1E47CD8AE4D76 /* Pods-SinaWeibo_swift.release.xcconfig */ = {isa = PBXFileReference; includeInIndex = 1; lastKnownFileType = text.xcconfig; name = "Pods-SinaWeibo_swift.release.xcconfig"; path = "Pods/Target Support Files/Pods-SinaWeibo_swift/Pods-SinaWeibo_swift.release.xcconfig"; sourceTree = "<group>"; };
		C042BAA117C366E1B45BE74E /* Pods-SinaWeibo_swift.debug.xcconfig */ = {isa = PBXFileReference; includeInIndex = 1; lastKnownFileType = text.xcconfig; name = "Pods-SinaWeibo_swift.debug.xcconfig"; path = "Pods/Target Support Files/Pods-SinaWeibo_swift/Pods-SinaWeibo_swift.debug.xcconfig"; sourceTree = "<group>"; };
		DE1419341DB66E74003F3C40 /* Base */ = {isa = PBXFileReference; lastKnownFileType = file.storyboard; name = Base; path = Base.lproj/Home.storyboard; sourceTree = "<group>"; };
		DE1419361DB66EB0003F3C40 /* Message.storyboard */ = {isa = PBXFileReference; fileEncoding = 4; lastKnownFileType = file.storyboard; name = Message.storyboard; path = ../../Message.storyboard; sourceTree = "<group>"; };
		DE1419391DB66EC4003F3C40 /* Base */ = {isa = PBXFileReference; lastKnownFileType = file.storyboard; name = Base; path = Base.lproj/Discover.storyboard; sourceTree = "<group>"; };
		DE14193B1DB66EEA003F3C40 /* Profile.storyboard */ = {isa = PBXFileReference; fileEncoding = 4; lastKnownFileType = file.storyboard; name = Profile.storyboard; path = ../../Profile.storyboard; sourceTree = "<group>"; };
		DE1419401DB67A87003F3C40 /* Null.storyboard */ = {isa = PBXFileReference; fileEncoding = 4; lastKnownFileType = file.storyboard; name = Null.storyboard; path = ../../../Null.storyboard; sourceTree = "<group>"; };
		DE5B04481DB4CDFE0034520D /* SinaWeibo_swift.app */ = {isa = PBXFileReference; explicitFileType = wrapper.application; includeInIndex = 0; path = SinaWeibo_swift.app; sourceTree = BUILT_PRODUCTS_DIR; };
		DE5B044B1DB4CDFE0034520D /* AppDelegate.swift */ = {isa = PBXFileReference; lastKnownFileType = sourcecode.swift; path = AppDelegate.swift; sourceTree = "<group>"; };
		DE5B04501DB4CDFE0034520D /* Base */ = {isa = PBXFileReference; lastKnownFileType = file.storyboard; name = Base; path = Base.lproj/Main.storyboard; sourceTree = "<group>"; };
		DE5B04521DB4CDFE0034520D /* Assets.xcassets */ = {isa = PBXFileReference; lastKnownFileType = folder.assetcatalog; path = Assets.xcassets; sourceTree = "<group>"; };
		DE5B04551DB4CDFE0034520D /* Base */ = {isa = PBXFileReference; lastKnownFileType = file.storyboard; name = Base; path = Base.lproj/LaunchScreen.storyboard; sourceTree = "<group>"; };
		DE5B04571DB4CDFE0034520D /* Info.plist */ = {isa = PBXFileReference; lastKnownFileType = text.plist.xml; path = Info.plist; sourceTree = "<group>"; };
		DE5B04631DB4CF8E0034520D /* MainViewController.swift */ = {isa = PBXFileReference; fileEncoding = 4; lastKnownFileType = sourcecode.swift; path = MainViewController.swift; sourceTree = "<group>"; };
		DE5B04651DB4CF970034520D /* HomeViewController.swift */ = {isa = PBXFileReference; fileEncoding = 4; lastKnownFileType = sourcecode.swift; path = HomeViewController.swift; sourceTree = "<group>"; };
		DE5B04671DB4CFA10034520D /* DisCoverViewController.swift */ = {isa = PBXFileReference; fileEncoding = 4; lastKnownFileType = sourcecode.swift; path = DisCoverViewController.swift; sourceTree = "<group>"; };
		DE5B04691DB4CFA80034520D /* MessageViewController.swift */ = {isa = PBXFileReference; fileEncoding = 4; lastKnownFileType = sourcecode.swift; path = MessageViewController.swift; sourceTree = "<group>"; };
		DE5B046B1DB4CFB20034520D /* ProfileViewController.swift */ = {isa = PBXFileReference; fileEncoding = 4; lastKnownFileType = sourcecode.swift; path = ProfileViewController.swift; sourceTree = "<group>"; };
		DE5B046E1DB4DF940034520D /* MainVCSettings.json */ = {isa = PBXFileReference; fileEncoding = 4; lastKnownFileType = text.json; path = MainVCSettings.json; sourceTree = "<group>"; };
		DE74D7E11DB7C619009E4E69 /* BaseViewController.swift */ = {isa = PBXFileReference; fileEncoding = 4; lastKnownFileType = sourcecode.swift; path = BaseViewController.swift; sourceTree = "<group>"; };
		DE74D7E31DB7C70F009E4E69 /* VisitorView.swift */ = {isa = PBXFileReference; fileEncoding = 4; lastKnownFileType = sourcecode.swift; path = VisitorView.swift; sourceTree = "<group>"; };
		DE74D7E51DB7C71D009E4E69 /* VisitorView.xib */ = {isa = PBXFileReference; fileEncoding = 4; lastKnownFileType = file.xib; path = VisitorView.xib; sourceTree = "<group>"; };
/* End PBXFileReference section */

/* Begin PBXFrameworksBuildPhase section */
		DE5B04451DB4CDFE0034520D /* Frameworks */ = {
			isa = PBXFrameworksBuildPhase;
			buildActionMask = 2147483647;
			files = (
				57FCBA60A2B19360514DEE3E /* Pods_SinaWeibo_swift.framework in Frameworks */,
			);
			runOnlyForDeploymentPostprocessing = 0;
		};
/* End PBXFrameworksBuildPhase section */

/* Begin PBXGroup section */
		2849F2FC1DB8A333009A8149 /* Category */ = {
			isa = PBXGroup;
			children = (
				2849F2FD1DB8A333009A8149 /* UIButton-Extension.swift */,
				2849F3031DB8B148009A8149 /* UIBarButtonItem-Extension.swift */,
				28F3E36F1DC094BF009B1423 /* NSDate-Extension.swift */,
			);
			path = Category;
			sourceTree = "<group>";
		};
		2849F3051DB8B993009A8149 /* Popover */ = {
			isa = PBXGroup;
			children = (
				282662861DB9FE1E005B657D /* ArchyPresentationController.swift */,
				285591A11DBA1DC8006F376D /* PopoverAnimator.swift */,
				282662881DBA0453005B657D /* PopoverViewController.swift */,
				2826628A1DBA045F005B657D /* PopoverViewController.xib */,
			);
			path = Popover;
			sourceTree = "<group>";
		};
		28500DB11DBF2B4300FC7C1D /* OAuth */ = {
			isa = PBXGroup;
			children = (
				28500DB21DBF2B5C00FC7C1D /* OAuthViewController.swift */,
				28500DB41DBF2B6800FC7C1D /* OAuthViewController.xib */,
				28500DBA1DBF438400FC7C1D /* UserAccount.swift */,
				28F3E3651DC06003009B1423 /* UserAccountViewModel.swift */,
			);
			path = OAuth;
			sourceTree = "<group>";
		};
		28F3E3671DC07B48009B1423 /* WelcomeViewController */ = {
			isa = PBXGroup;
			children = (
				28F3E3681DC07B69009B1423 /* WelcomeViewController.swift */,
				28F3E3691DC07B69009B1423 /* WelcomeViewController.xib */,
			);
			path = WelcomeViewController;
			sourceTree = "<group>";
		};
		28F3E36C1DC08E5B009B1423 /* HomeModel */ = {
			isa = PBXGroup;
			children = (
				28F3E36D1DC08E71009B1423 /* Status.swift */,
				28F3E3711DC09A48009B1423 /* User.swift */,
				28F3E3731DC0A026009B1423 /* StatusViewModel.swift */,
			);
			path = HomeModel;
			sourceTree = "<group>";
		};
		C63341063579C6C4A7E77DAF /* Pods */ = {
			isa = PBXGroup;
			children = (
				C042BAA117C366E1B45BE74E /* Pods-SinaWeibo_swift.debug.xcconfig */,
				B56EF414E9E1E47CD8AE4D76 /* Pods-SinaWeibo_swift.release.xcconfig */,
			);
			name = Pods;
			sourceTree = "<group>";
		};
		DE5B043F1DB4CDFE0034520D = {
			isa = PBXGroup;
			children = (
				DE5B044A1DB4CDFE0034520D /* SinaWeibo_swift */,
				DE5B04491DB4CDFE0034520D /* Products */,
				C63341063579C6C4A7E77DAF /* Pods */,
				FF6B221717DC5D81E46BA6AF /* Frameworks */,
			);
			sourceTree = "<group>";
		};
		DE5B04491DB4CDFE0034520D /* Products */ = {
			isa = PBXGroup;
			children = (
				DE5B04481DB4CDFE0034520D /* SinaWeibo_swift.app */,
			);
			name = Products;
			sourceTree = "<group>";
		};
		DE5B044A1DB4CDFE0034520D /* SinaWeibo_swift */ = {
			isa = PBXGroup;
			children = (
				DE5B045D1DB4CF6A0034520D /* Classess */,
				DE5B044B1DB4CDFE0034520D /* AppDelegate.swift */,
				DE5B044F1DB4CDFE0034520D /* Main.storyboard */,
				DE5B04521DB4CDFE0034520D /* Assets.xcassets */,
				DE5B04541DB4CDFE0034520D /* LaunchScreen.storyboard */,
				DE5B04571DB4CDFE0034520D /* Info.plist */,
			);
			path = SinaWeibo_swift;
			sourceTree = "<group>";
		};
		DE5B045D1DB4CF6A0034520D /* Classess */ = {
			isa = PBXGroup;
			children = (
				DE74D7DD1DB7B98B009E4E69 /* Tools */,
				DE5B04601DB4CF6A0034520D /* Main */,
				DE5B045E1DB4CF6A0034520D /* Discover */,
				DE5B045F1DB4CF6A0034520D /* Home */,
				DE5B04611DB4CF6A0034520D /* Message */,
				DE5B04621DB4CF6A0034520D /* Profile */,
			);
			path = Classess;
			sourceTree = "<group>";
		};
		DE5B045E1DB4CF6A0034520D /* Discover */ = {
			isa = PBXGroup;
			children = (
				DE1419381DB66EC4003F3C40 /* Discover.storyboard */,
				DE5B04671DB4CFA10034520D /* DisCoverViewController.swift */,
			);
			path = Discover;
			sourceTree = "<group>";
		};
		DE5B045F1DB4CF6A0034520D /* Home */ = {
			isa = PBXGroup;
			children = (
				28F3E36C1DC08E5B009B1423 /* HomeModel */,
				2849F3051DB8B993009A8149 /* Popover */,
				DE1419331DB66E74003F3C40 /* Home.storyboard */,
				2822F5F41DC347DE00CF0B92 /* PicCollectionView.swift */,
				DE5B04651DB4CF970034520D /* HomeViewController.swift */,
				28F3E3751DC0AA3A009B1423 /* HomeViewCell.swift */,
			);
			path = Home;
			sourceTree = "<group>";
		};
		DE5B04601DB4CF6A0034520D /* Main */ = {
			isa = PBXGroup;
			children = (
				28F3E3671DC07B48009B1423 /* WelcomeViewController */,
				28500DB11DBF2B4300FC7C1D /* OAuth */,
				DE74D7E01DB7C5F1009E4E69 /* Visitor */,
				DE5B046D1DB4DF8D0034520D /* Resource */,
				DE5B04631DB4CF8E0034520D /* MainViewController.swift */,
			);
			path = Main;
			sourceTree = "<group>";
		};
		DE5B04611DB4CF6A0034520D /* Message */ = {
			isa = PBXGroup;
			children = (
				DE1419361DB66EB0003F3C40 /* Message.storyboard */,
				DE5B04691DB4CFA80034520D /* MessageViewController.swift */,
			);
			path = Message;
			sourceTree = "<group>";
		};
		DE5B04621DB4CF6A0034520D /* Profile */ = {
			isa = PBXGroup;
			children = (
				DE14193B1DB66EEA003F3C40 /* Profile.storyboard */,
				DE5B046B1DB4CFB20034520D /* ProfileViewController.swift */,
			);
			path = Profile;
			sourceTree = "<group>";
		};
		DE5B046D1DB4DF8D0034520D /* Resource */ = {
			isa = PBXGroup;
			children = (
				DE1419401DB67A87003F3C40 /* Null.storyboard */,
				DE5B046E1DB4DF940034520D /* MainVCSettings.json */,
			);
			path = Resource;
			sourceTree = "<group>";
		};
		DE74D7DD1DB7B98B009E4E69 /* Tools */ = {
			isa = PBXGroup;
			children = (
				2849F2FC1DB8A333009A8149 /* Category */,
				2849F2FF1DB8A355009A8149 /* TitleButton.swift */,
				28500DB61DBF306A00FC7C1D /* Common.swift */,
				28500DB81DBF383400FC7C1D /* NetworkTools.swift */,
			);
			path = Tools;
			sourceTree = "<group>";
		};
		DE74D7E01DB7C5F1009E4E69 /* Visitor */ = {
			isa = PBXGroup;
			children = (
				DE74D7E11DB7C619009E4E69 /* BaseViewController.swift */,
				DE74D7E31DB7C70F009E4E69 /* VisitorView.swift */,
				DE74D7E51DB7C71D009E4E69 /* VisitorView.xib */,
			);
			path = Visitor;
			sourceTree = "<group>";
		};
		FF6B221717DC5D81E46BA6AF /* Frameworks */ = {
			isa = PBXGroup;
			children = (
				3A3C894A2308770BDB714815 /* Pods_SinaWeibo_swift.framework */,
			);
			name = Frameworks;
			sourceTree = "<group>";
		};
/* End PBXGroup section */

/* Begin PBXNativeTarget section */
		DE5B04471DB4CDFE0034520D /* SinaWeibo_swift */ = {
			isa = PBXNativeTarget;
			buildConfigurationList = DE5B045A1DB4CDFE0034520D /* Build configuration list for PBXNativeTarget "SinaWeibo_swift" */;
			buildPhases = (
				962D93CF685BDE89D270555F /* 📦 Check Pods Manifest.lock */,
				017D40D14F515B7647397625 /* [CP] Check Pods Manifest.lock */,
				AC2589BC4A05500ADE9C047D /* [CP] Check Pods Manifest.lock */,
				DE5B04441DB4CDFE0034520D /* Sources */,
				DE5B04451DB4CDFE0034520D /* Frameworks */,
				DE5B04461DB4CDFE0034520D /* Resources */,
				8D74749806ABF5EFE7D4B886 /* [CP] Embed Pods Frameworks */,
				F1D4A5ADCBA7D7EA69CB7B5D /* [CP] Copy Pods Resources */,
				58890EB8527EB8097DAC7809 /* 📦 Embed Pods Frameworks */,
				0913EEB6AA57BA9249B82E75 /* 📦 Copy Pods Resources */,
			);
			buildRules = (
			);
			dependencies = (
			);
			name = SinaWeibo_swift;
			productName = SinaWeibo_swift;
			productReference = DE5B04481DB4CDFE0034520D /* SinaWeibo_swift.app */;
			productType = "com.apple.product-type.application";
		};
/* End PBXNativeTarget section */

/* Begin PBXProject section */
		DE5B04401DB4CDFE0034520D /* Project object */ = {
			isa = PBXProject;
			attributes = {
				LastSwiftUpdateCheck = 0720;
				LastUpgradeCheck = 0720;
				ORGANIZATIONNAME = archy;
				TargetAttributes = {
					DE5B04471DB4CDFE0034520D = {
						CreatedOnToolsVersion = 7.2.1;
					};
				};
			};
			buildConfigurationList = DE5B04431DB4CDFE0034520D /* Build configuration list for PBXProject "SinaWeibo_swift" */;
			compatibilityVersion = "Xcode 3.2";
			developmentRegion = English;
			hasScannedForEncodings = 0;
			knownRegions = (
				en,
				Base,
			);
			mainGroup = DE5B043F1DB4CDFE0034520D;
			productRefGroup = DE5B04491DB4CDFE0034520D /* Products */;
			projectDirPath = "";
			projectRoot = "";
			targets = (
				DE5B04471DB4CDFE0034520D /* SinaWeibo_swift */,
			);
		};
/* End PBXProject section */

/* Begin PBXResourcesBuildPhase section */
		DE5B04461DB4CDFE0034520D /* Resources */ = {
			isa = PBXResourcesBuildPhase;
			buildActionMask = 2147483647;
			files = (
				DE5B04561DB4CDFE0034520D /* LaunchScreen.storyboard in Resources */,
				DE74D7E61DB7C71D009E4E69 /* VisitorView.xib in Resources */,
				DE1419351DB66E74003F3C40 /* Home.storyboard in Resources */,
				28F3E36B1DC07B69009B1423 /* WelcomeViewController.xib in Resources */,
				DE14193C1DB66EEA003F3C40 /* Profile.storyboard in Resources */,
				28500DB51DBF2B6800FC7C1D /* OAuthViewController.xib in Resources */,
				DE5B04531DB4CDFE0034520D /* Assets.xcassets in Resources */,
				DE5B046F1DB4DF940034520D /* MainVCSettings.json in Resources */,
				2826628B1DBA045F005B657D /* PopoverViewController.xib in Resources */,
				DE1419411DB67A87003F3C40 /* Null.storyboard in Resources */,
				DE1419371DB66EB0003F3C40 /* Message.storyboard in Resources */,
				DE14193A1DB66EC4003F3C40 /* Discover.storyboard in Resources */,
				DE5B04511DB4CDFE0034520D /* Main.storyboard in Resources */,
			);
			runOnlyForDeploymentPostprocessing = 0;
		};
/* End PBXResourcesBuildPhase section */

/* Begin PBXShellScriptBuildPhase section */
		017D40D14F515B7647397625 /* [CP] Check Pods Manifest.lock */ = {
			isa = PBXShellScriptBuildPhase;
			buildActionMask = 2147483647;
			files = (
			);
			inputPaths = (
			);
			name = "[CP] Check Pods Manifest.lock";
			outputPaths = (
			);
			runOnlyForDeploymentPostprocessing = 0;
			shellPath = /bin/sh;
			shellScript = "diff \"${PODS_ROOT}/../Podfile.lock\" \"${PODS_ROOT}/Manifest.lock\" > /dev/null\nif [[ $? != 0 ]] ; then\n    cat << EOM\nerror: The sandbox is not in sync with the Podfile.lock. Run 'pod install' or update your CocoaPods installation.\nEOM\n    exit 1\nfi\n";
			showEnvVarsInLog = 0;
		};
		0913EEB6AA57BA9249B82E75 /* 📦 Copy Pods Resources */ = {
			isa = PBXShellScriptBuildPhase;
			buildActionMask = 2147483647;
			files = (
			);
			inputPaths = (
			);
			name = "📦 Copy Pods Resources";
			outputPaths = (
			);
			runOnlyForDeploymentPostprocessing = 0;
			shellPath = /bin/sh;
			shellScript = "\"${SRCROOT}/Pods/Target Support Files/Pods-SinaWeibo_swift/Pods-SinaWeibo_swift-resources.sh\"\n";
			showEnvVarsInLog = 0;
		};
		58890EB8527EB8097DAC7809 /* 📦 Embed Pods Frameworks */ = {
			isa = PBXShellScriptBuildPhase;
			buildActionMask = 2147483647;
			files = (
			);
			inputPaths = (
			);
			name = "📦 Embed Pods Frameworks";
			outputPaths = (
			);
			runOnlyForDeploymentPostprocessing = 0;
			shellPath = /bin/sh;
			shellScript = "\"${SRCROOT}/Pods/Target Support Files/Pods-SinaWeibo_swift/Pods-SinaWeibo_swift-frameworks.sh\"\n";
			showEnvVarsInLog = 0;
		};
		8D74749806ABF5EFE7D4B886 /* [CP] Embed Pods Frameworks */ = {
			isa = PBXShellScriptBuildPhase;
			buildActionMask = 2147483647;
			files = (
			);
			inputPaths = (
			);
			name = "[CP] Embed Pods Frameworks";
			outputPaths = (
			);
			runOnlyForDeploymentPostprocessing = 0;
			shellPath = /bin/sh;
			shellScript = "\"${SRCROOT}/Pods/Target Support Files/Pods-SinaWeibo_swift/Pods-SinaWeibo_swift-frameworks.sh\"\n";
			showEnvVarsInLog = 0;
		};
		962D93CF685BDE89D270555F /* 📦 Check Pods Manifest.lock */ = {
			isa = PBXShellScriptBuildPhase;
			buildActionMask = 2147483647;
			files = (
			);
			inputPaths = (
			);
			name = "📦 Check Pods Manifest.lock";
			outputPaths = (
			);
			runOnlyForDeploymentPostprocessing = 0;
			shellPath = /bin/sh;
			shellScript = "diff \"${PODS_ROOT}/../Podfile.lock\" \"${PODS_ROOT}/Manifest.lock\" > /dev/null\nif [[ $? != 0 ]] ; then\n    cat << EOM\nerror: The sandbox is not in sync with the Podfile.lock. Run 'pod install' or update your CocoaPods installation.\nEOM\n    exit 1\nfi\n";
			showEnvVarsInLog = 0;
		};
		AC2589BC4A05500ADE9C047D /* [CP] Check Pods Manifest.lock */ = {
			isa = PBXShellScriptBuildPhase;
			buildActionMask = 2147483647;
			files = (
			);
			inputPaths = (
			);
			name = "[CP] Check Pods Manifest.lock";
			outputPaths = (
			);
			runOnlyForDeploymentPostprocessing = 0;
			shellPath = /bin/sh;
			shellScript = "diff \"${PODS_ROOT}/../Podfile.lock\" \"${PODS_ROOT}/Manifest.lock\" > /dev/null\nif [[ $? != 0 ]] ; then\n    cat << EOM\nerror: The sandbox is not in sync with the Podfile.lock. Run 'pod install' or update your CocoaPods installation.\nEOM\n    exit 1\nfi\n";
			showEnvVarsInLog = 0;
		};
		F1D4A5ADCBA7D7EA69CB7B5D /* [CP] Copy Pods Resources */ = {
			isa = PBXShellScriptBuildPhase;
			buildActionMask = 2147483647;
			files = (
			);
			inputPaths = (
			);
			name = "[CP] Copy Pods Resources";
			outputPaths = (
			);
			runOnlyForDeploymentPostprocessing = 0;
			shellPath = /bin/sh;
			shellScript = "\"${SRCROOT}/Pods/Target Support Files/Pods-SinaWeibo_swift/Pods-SinaWeibo_swift-resources.sh\"\n";
			showEnvVarsInLog = 0;
		};
/* End PBXShellScriptBuildPhase section */

/* Begin PBXSourcesBuildPhase section */
		DE5B04441DB4CDFE0034520D /* Sources */ = {
			isa = PBXSourcesBuildPhase;
			buildActionMask = 2147483647;
			files = (
				28500DB71DBF306A00FC7C1D /* Common.swift in Sources */,
				28F3E36A1DC07B69009B1423 /* WelcomeViewController.swift in Sources */,
				28F3E36E1DC08E71009B1423 /* Status.swift in Sources */,
				28500DB91DBF383400FC7C1D /* NetworkTools.swift in Sources */,
				28500DBB1DBF438400FC7C1D /* UserAccount.swift in Sources */,
				DE5B046C1DB4CFB20034520D /* ProfileViewController.swift in Sources */,
				2849F2FE1DB8A333009A8149 /* UIButton-Extension.swift in Sources */,
				282662891DBA0453005B657D /* PopoverViewController.swift in Sources */,
				2849F3041DB8B148009A8149 /* UIBarButtonItem-Extension.swift in Sources */,
				28500DB31DBF2B5C00FC7C1D /* OAuthViewController.swift in Sources */,
				DE5B044C1DB4CDFE0034520D /* AppDelegate.swift in Sources */,
				DE5B04681DB4CFA10034520D /* DisCoverViewController.swift in Sources */,
				28F3E3701DC094BF009B1423 /* NSDate-Extension.swift in Sources */,
				DE5B04641DB4CF8E0034520D /* MainViewController.swift in Sources */,
				282662871DB9FE1E005B657D /* ArchyPresentationController.swift in Sources */,
				285591A21DBA1DC8006F376D /* PopoverAnimator.swift in Sources */,
				28F3E3741DC0A026009B1423 /* StatusViewModel.swift in Sources */,
				28F3E3761DC0AA3A009B1423 /* HomeViewCell.swift in Sources */,
				28F3E3661DC06003009B1423 /* UserAccountViewModel.swift in Sources */,
				2822F5F51DC347DE00CF0B92 /* PicCollectionView.swift in Sources */,
				DE74D7E21DB7C619009E4E69 /* BaseViewController.swift in Sources */,
				DE74D7E41DB7C70F009E4E69 /* VisitorView.swift in Sources */,
				DE5B04661DB4CF970034520D /* HomeViewController.swift in Sources */,
				2849F3001DB8A355009A8149 /* TitleButton.swift in Sources */,
				DE5B046A1DB4CFA80034520D /* MessageViewController.swift in Sources */,
				28F3E3721DC09A48009B1423 /* User.swift in Sources */,
			);
			runOnlyForDeploymentPostprocessing = 0;
		};
/* End PBXSourcesBuildPhase section */

/* Begin PBXVariantGroup section */
		DE1419331DB66E74003F3C40 /* Home.storyboard */ = {
			isa = PBXVariantGroup;
			children = (
				DE1419341DB66E74003F3C40 /* Base */,
			);
			name = Home.storyboard;
			path = ../..;
			sourceTree = "<group>";
		};
		DE1419381DB66EC4003F3C40 /* Discover.storyboard */ = {
			isa = PBXVariantGroup;
			children = (
				DE1419391DB66EC4003F3C40 /* Base */,
			);
			name = Discover.storyboard;
			path = ../..;
			sourceTree = "<group>";
		};
		DE5B044F1DB4CDFE0034520D /* Main.storyboard */ = {
			isa = PBXVariantGroup;
			children = (
				DE5B04501DB4CDFE0034520D /* Base */,
			);
			name = Main.storyboard;
			sourceTree = "<group>";
		};
		DE5B04541DB4CDFE0034520D /* LaunchScreen.storyboard */ = {
			isa = PBXVariantGroup;
			children = (
				DE5B04551DB4CDFE0034520D /* Base */,
			);
			name = LaunchScreen.storyboard;
			sourceTree = "<group>";
		};
/* End PBXVariantGroup section */

/* Begin XCBuildConfiguration section */
		DE5B04581DB4CDFE0034520D /* Debug */ = {
			isa = XCBuildConfiguration;
			buildSettings = {
				ALWAYS_SEARCH_USER_PATHS = NO;
				CLANG_CXX_LANGUAGE_STANDARD = "gnu++0x";
				CLANG_CXX_LIBRARY = "libc++";
				CLANG_ENABLE_MODULES = YES;
				CLANG_ENABLE_OBJC_ARC = YES;
				CLANG_WARN_BOOL_CONVERSION = YES;
				CLANG_WARN_CONSTANT_CONVERSION = YES;
				CLANG_WARN_DIRECT_OBJC_ISA_USAGE = YES_ERROR;
				CLANG_WARN_EMPTY_BODY = YES;
				CLANG_WARN_ENUM_CONVERSION = YES;
				CLANG_WARN_INT_CONVERSION = YES;
				CLANG_WARN_OBJC_ROOT_CLASS = YES_ERROR;
				CLANG_WARN_UNREACHABLE_CODE = YES;
				CLANG_WARN__DUPLICATE_METHOD_MATCH = YES;
				"CODE_SIGN_IDENTITY[sdk=iphoneos*]" = "iPhone Developer";
				COPY_PHASE_STRIP = NO;
				DEBUG_INFORMATION_FORMAT = dwarf;
				ENABLE_STRICT_OBJC_MSGSEND = YES;
				ENABLE_TESTABILITY = YES;
				GCC_C_LANGUAGE_STANDARD = gnu99;
				GCC_DYNAMIC_NO_PIC = NO;
				GCC_NO_COMMON_BLOCKS = YES;
				GCC_OPTIMIZATION_LEVEL = 0;
				GCC_PREPROCESSOR_DEFINITIONS = (
					"DEBUG=1",
					"$(inherited)",
				);
				GCC_WARN_64_TO_32_BIT_CONVERSION = YES;
				GCC_WARN_ABOUT_RETURN_TYPE = YES_ERROR;
				GCC_WARN_UNDECLARED_SELECTOR = YES;
				GCC_WARN_UNINITIALIZED_AUTOS = YES_AGGRESSIVE;
				GCC_WARN_UNUSED_FUNCTION = YES;
				GCC_WARN_UNUSED_VARIABLE = YES;
				IPHONEOS_DEPLOYMENT_TARGET = 9.2;
				MTL_ENABLE_DEBUG_INFO = YES;
				ONLY_ACTIVE_ARCH = YES;
				SDKROOT = iphoneos;
				SWIFT_OPTIMIZATION_LEVEL = "-Onone";
			};
			name = Debug;
		};
		DE5B04591DB4CDFE0034520D /* Release */ = {
			isa = XCBuildConfiguration;
			buildSettings = {
				ALWAYS_SEARCH_USER_PATHS = NO;
				CLANG_CXX_LANGUAGE_STANDARD = "gnu++0x";
				CLANG_CXX_LIBRARY = "libc++";
				CLANG_ENABLE_MODULES = YES;
				CLANG_ENABLE_OBJC_ARC = YES;
				CLANG_WARN_BOOL_CONVERSION = YES;
				CLANG_WARN_CONSTANT_CONVERSION = YES;
				CLANG_WARN_DIRECT_OBJC_ISA_USAGE = YES_ERROR;
				CLANG_WARN_EMPTY_BODY = YES;
				CLANG_WARN_ENUM_CONVERSION = YES;
				CLANG_WARN_INT_CONVERSION = YES;
				CLANG_WARN_OBJC_ROOT_CLASS = YES_ERROR;
				CLANG_WARN_UNREACHABLE_CODE = YES;
				CLANG_WARN__DUPLICATE_METHOD_MATCH = YES;
				"CODE_SIGN_IDENTITY[sdk=iphoneos*]" = "iPhone Developer";
				COPY_PHASE_STRIP = NO;
				DEBUG_INFORMATION_FORMAT = "dwarf-with-dsym";
				ENABLE_NS_ASSERTIONS = NO;
				ENABLE_STRICT_OBJC_MSGSEND = YES;
				GCC_C_LANGUAGE_STANDARD = gnu99;
				GCC_NO_COMMON_BLOCKS = YES;
				GCC_WARN_64_TO_32_BIT_CONVERSION = YES;
				GCC_WARN_ABOUT_RETURN_TYPE = YES_ERROR;
				GCC_WARN_UNDECLARED_SELECTOR = YES;
				GCC_WARN_UNINITIALIZED_AUTOS = YES_AGGRESSIVE;
				GCC_WARN_UNUSED_FUNCTION = YES;
				GCC_WARN_UNUSED_VARIABLE = YES;
				IPHONEOS_DEPLOYMENT_TARGET = 9.2;
				MTL_ENABLE_DEBUG_INFO = NO;
				SDKROOT = iphoneos;
				VALIDATE_PRODUCT = YES;
			};
			name = Release;
		};
		DE5B045B1DB4CDFE0034520D /* Debug */ = {
			isa = XCBuildConfiguration;
			baseConfigurationReference = C042BAA117C366E1B45BE74E /* Pods-SinaWeibo_swift.debug.xcconfig */;
			buildSettings = {
				ASSETCATALOG_COMPILER_APPICON_NAME = AppIcon;
				ASSETCATALOG_COMPILER_LAUNCHIMAGE_NAME = "Brand Assets";
				INFOPLIST_FILE = SinaWeibo_swift/Info.plist;
				IPHONEOS_DEPLOYMENT_TARGET = 9.0;
				LD_RUNPATH_SEARCH_PATHS = "$(inherited) @executable_path/Frameworks";
				PRODUCT_BUNDLE_IDENTIFIER = "com.Archy.www.SinaWeibo-swift";
				PRODUCT_NAME = "$(TARGET_NAME)";
			};
			name = Debug;
		};
		DE5B045C1DB4CDFE0034520D /* Release */ = {
			isa = XCBuildConfiguration;
			baseConfigurationReference = B56EF414E9E1E47CD8AE4D76 /* Pods-SinaWeibo_swift.release.xcconfig */;
			buildSettings = {
				ASSETCATALOG_COMPILER_APPICON_NAME = AppIcon;
				ASSETCATALOG_COMPILER_LAUNCHIMAGE_NAME = "Brand Assets";
				INFOPLIST_FILE = SinaWeibo_swift/Info.plist;
				IPHONEOS_DEPLOYMENT_TARGET = 9.0;
				LD_RUNPATH_SEARCH_PATHS = "$(inherited) @executable_path/Frameworks";
				PRODUCT_BUNDLE_IDENTIFIER = "com.Archy.www.SinaWeibo-swift";
				PRODUCT_NAME = "$(TARGET_NAME)";
			};
			name = Release;
		};
/* End XCBuildConfiguration section */

/* Begin XCConfigurationList section */
		DE5B04431DB4CDFE0034520D /* Build configuration list for PBXProject "SinaWeibo_swift" */ = {
			isa = XCConfigurationList;
			buildConfigurations = (
				DE5B04581DB4CDFE0034520D /* Debug */,
				DE5B04591DB4CDFE0034520D /* Release */,
			);
			defaultConfigurationIsVisible = 0;
			defaultConfigurationName = Release;
		};
		DE5B045A1DB4CDFE0034520D /* Build configuration list for PBXNativeTarget "SinaWeibo_swift" */ = {
			isa = XCConfigurationList;
			buildConfigurations = (
				DE5B045B1DB4CDFE0034520D /* Debug */,
				DE5B045C1DB4CDFE0034520D /* Release */,
			);
			defaultConfigurationIsVisible = 0;
			defaultConfigurationName = Release;
		};
/* End XCConfigurationList section */
	};
	rootObject = DE5B04401DB4CDFE0034520D /* Project object */;
}
